
Microsoft Visual Studio Solution File, Format Version 12.00
# Visual Studio Version 17
VisualStudioVersion = 17.8.34330.188
MinimumVisualStudioVersion = 10.0.40219.1
Project("{FAE04EC0-301F-11D3-BF4B-00C04F79EFBC}") = "StockTicker", "StockTicker\StockTicker.csproj", "{67AF5B75-25B3-4D38-8C4A-C96B25B10CCE}"
EndProject
Global
	GlobalSection(SolutionConfigurationPlatforms) = preSolution
		Debug|Any CPU = Debug|Any CPU
		Release|Any CPU = Release|Any CPU
	EndGlobalSection
	GlobalSection(ProjectConfigurationPlatforms) = postSolution
		{67AF5B75-25B3-4D38-8C4A-C96B25B10CCE}.Debug|Any CPU.ActiveCfg = Debug|Any CPU
		{67AF5B75-25B3-4D38-8C4A-C96B25B10CCE}.Debug|Any CPU.Build.0 = Debug|Any CPU
		{67AF5B75-25B3-4D38-8C4A-C96B25B10CCE}.Release|Any CPU.ActiveCfg = Release|Any CPU
		{67AF5B75-25B3-4D38-8C4A-C96B25B10CCE}.Release|Any CPU.Build.0 = Release|Any CPU
	EndGlobalSection
	GlobalSection(SolutionProperties) = preSolution
		HideSolutionNode = FALSE
	EndGlobalSection
	GlobalSection(ExtensibilityGlobals) = postSolution
		SolutionGuid = {1A230F54-FAED-4CC1-B611-5018696810EC}
	EndGlobalSection
EndGlobal
